# This file is automatically @generated by Cargo.
# It is not intended for manual editing.
version = 3

[[package]]
name = "ghost-cell"
version = "0.2.6"
source = "registry+https://github.com/rust-lang/crates.io-index"
checksum = "d8449d342b1c67f49169e92e71deb7b9b27f30062301a16dbc27a4cc8d2351b7"

[[package]]
name = "reentrant"
version = "0.1.0"
dependencies = [
 "ghost-cell",
]
